{
  "name": "print-server",
  "version": "1.0.0",
  "lockfileVersion": 2,
  "requires": true,
  "packages": {
    "": {
      "name": "print-server",
      "version": "1.0.0",
      "license": "ISC",
      "dependencies": {
        "pdf-to-printer": "^5.4.0"
      }
    },
    "node_modules/pdf-to-printer": {
      "version": "5.4.0",
      "resolved": "https://registry.npmjs.org/pdf-to-printer/-/pdf-to-printer-5.4.0.tgz",
      "integrity": "sha512-Z02YIBxr1Y0Pkr0d4Th+/hSC0UL+KKhAPcXRXzhp7bi/X4sOnYqOYwX4FmFduimLp/y3abMGf1rUH6grZHWGmg=="
    }
  },
  "dependencies": {
    "pdf-to-printer": {
      "version": "5.4.0",
      "resolved": "https://registry.npmjs.org/pdf-to-printer/-/pdf-to-printer-5.4.0.tgz",
      "integrity": "sha512-Z02YIBxr1Y0Pkr0d4Th+/hSC0UL+KKhAPcXRXzhp7bi/X4sOnYqOYwX4FmFduimLp/y3abMGf1rUH6grZHWGmg=="
    }
  }
}
